# THIS IS AN AUTOGENERATED FILE. DO NOT EDIT THIS FILE DIRECTLY.
# yarn lockfile v1


"@types/react@16.3.11":
  version "16.3.11"
  resolved "https://registry.yarnpkg.com/@types/react/-/react-16.3.11.tgz#345a17f1c96420f10b9f0dc696c31091ff9d66ea"
  integrity sha512-F0ZqVldV6l7FObRPfkgXg4GwWJa4tGrh1glydmx+OMOdU4K5lUnh2rlj/4uO6RnuN2OBVCzo2XiyIifEZPkCXw==
  dependencies:
    csstype "^2.2.0"

csstype@^2.2.0:
  version "2.6.17"
  resolved "https://registry.yarnpkg.com/csstype/-/csstype-2.6.17.tgz#4cf30eb87e1d1a005d8b6510f95292413f6a1c0e"
  integrity sha512-u1wmTI1jJGzCJzWndZo8mk4wnPTZd1eOIYTYvuEyOQGfmDl3TrabCCfKnOC86FZwW/9djqTl933UF/cS425i9A==

typerscript@^0.2.3:
  version "0.2.3"
  resolved "https://registry.yarnpkg.com/typerscript/-/typerscript-0.2.3.tgz#1616e942be3683ea9a511543f6b4e204af4db208"
  integrity sha512-CUucff2vFKtVfBvukwI3D9Un1RSLHsnCKBlqJvqpSfib5PW9mFMUpaHce/seU5UqWv5yqVlkNdCH8vSw9ZY5fw==
  dependencies:
    "@types/react" "16.3.11"
    typescript "^2.8.1"

typescript@^2.8.1:
  version "2.9.2"
  resolved "https://registry.yarnpkg.com/typescript/-/typescript-2.9.2.tgz#1cbf61d05d6b96269244eb6a3bce4bd914e0f00c"
  integrity sha512-Gr4p6nFNaoufRIY4NMdpQRNmgxVIGMs4Fcu/ujdYk3nAZqk7supzBE9idmvfZIlH/Cuj//dvi+019qEue9lV0w==

typescript@^4.2.4:
  version "4.2.4"
  resolved "https://registry.yarnpkg.com/typescript/-/typescript-4.2.4.tgz#8610b59747de028fda898a8aef0e103f156d0961"
  integrity sha512-V+evlYHZnQkaz8TRBuxTA92yZBPotr5H+WhQ7bD3hZUndx5tGOa1fuCgeSjxAzM1RiN5IzvadIXTVefuuwZCRg==
